// !$*UTF8*$!
{
	archiveVersion = 1;
	classes = {
	};
	objectVersion = 77;
	objects = {

/* Begin PBXBuildFile section */
		FACE00000000000000000020 /* Domain.swift in Sources */ = {isa = PBXBuildFile; fileRef = FACE00000000000000000010 /* Domain.swift */; };
		FACE00000000000000000120 /* Store.swift in Sources */ = {isa = PBXBuildFile; fileRef = FACE00000000000000000110 /* Store.swift */; };
		FACE00000000000000000220 /* Scoring.swift in Sources */ = {isa = PBXBuildFile; fileRef = FACE00000000000000000210 /* Scoring.swift */; };
		FACE00000000000000000320 /* SeedParser.swift in Sources */ = {isa = PBXBuildFile; fileRef = FACE00000000000000000310 /* SeedParser.swift */; };
		FACE00000000000000000420 /* SemanticTime.swift in Sources */ = {isa = PBXBuildFile; fileRef = FACE00000000000000000410 /* SemanticTime.swift */; };
		FACE00000000000000000520 /* Copy.swift in Sources */ = {isa = PBXBuildFile; fileRef = FACE00000000000000000510 /* Copy.swift */; };
		FACE00000000000000000620 /* Theme.swift in Sources */ = {isa = PBXBuildFile; fileRef = FACE00000000000000000610 /* Theme.swift */; };
		FACE00000000000000000720 /* DayGrade.swift in Sources */ = {isa = PBXBuildFile; fileRef = FACE00000000000000000710 /* DayGrade.swift */; };
		FACE00000000000000000820 /* Feedback.swift in Sources */ = {isa = PBXBuildFile; fileRef = FACE00000000000000000810 /* Feedback.swift */; };
		FACE00000000000000000920 /* Aesthetic.swift in Sources */ = {isa = PBXBuildFile; fileRef = FACE00000000000000000910 /* Aesthetic.swift */; };
		FACE00000000000000000A20 /* LuminousWatchApp.swift in Sources */ = {isa = PBXBuildFile; fileRef = FACE00000000000000000A10 /* LuminousWatchApp.swift */; };
		FACE00000000000000000B20 /* WatchUI.swift in Sources */ = {isa = PBXBuildFile; fileRef = FACE00000000000000000B10 /* WatchUI.swift */; };
		FACE00000000000000000C20 /* LearningLog.swift in Sources */ = {isa = PBXBuildFile; fileRef = FACE00000000000000000C10 /* LearningLog.swift */; };
		FACE00000000000000000D20 /* Recurrence.swift in Sources */ = {isa = PBXBuildFile; fileRef = FACE00000000000000000D10 /* Recurrence.swift */; };
		FACE00000000000000000E20 /* Mentality.swift in Sources */ = {isa = PBXBuildFile; fileRef = FACE00000000000000000E10 /* Mentality.swift */; };
		FACE00000000000000000F20 /* Tags.swift in Sources */ = {isa = PBXBuildFile; fileRef = FACE00000000000000000F10 /* Tags.swift */; };
		FACE00000000000000001020 /* PlanKit.swift in Sources */ = {isa = PBXBuildFile; fileRef = FACE00000000000000001010 /* PlanKit.swift */; };
/* End PBXBuildFile section */

/* Begin PBXFileReference section */
		E11067402FF0B7A10039162D /* Luminous.app */ = {isa = PBXFileReference; explicitFileType = wrapper.application; includeInIndex = 0; path = Luminous.app; sourceTree = BUILT_PRODUCTS_DIR; };
		FACE00000000000000000002 /* Luminous Watch App.app */ = {isa = PBXFileReference; explicitFileType = wrapper.application; includeInIndex = 0; path = "Luminous Watch App.app"; sourceTree = BUILT_PRODUCTS_DIR; };
		FACE00000000000000000010 /* Domain.swift */ = {isa = PBXFileReference; lastKnownFileType = sourcecode.swift; name = Domain.swift; path = Luminous/Domain.swift; sourceTree = SOURCE_ROOT; };
		FACE00000000000000000110 /* Store.swift */ = {isa = PBXFileReference; lastKnownFileType = sourcecode.swift; name = Store.swift; path = Luminous/Store.swift; sourceTree = SOURCE_ROOT; };
		FACE00000000000000000210 /* Scoring.swift */ = {isa = PBXFileReference; lastKnownFileType = sourcecode.swift; name = Scoring.swift; path = Luminous/Scoring.swift; sourceTree = SOURCE_ROOT; };
		FACE00000000000000000310 /* SeedParser.swift */ = {isa = PBXFileReference; lastKnownFileType = sourcecode.swift; name = SeedParser.swift; path = Luminous/SeedParser.swift; sourceTree = SOURCE_ROOT; };
		FACE00000000000000000410 /* SemanticTime.swift */ = {isa = PBXFileReference; lastKnownFileType = sourcecode.swift; name = SemanticTime.swift; path = Luminous/SemanticTime.swift; sourceTree = SOURCE_ROOT; };
		FACE00000000000000000510 /* Copy.swift */ = {isa = PBXFileReference; lastKnownFileType = sourcecode.swift; name = Copy.swift; path = Luminous/Copy.swift; sourceTree = SOURCE_ROOT; };
		FACE00000000000000000610 /* Theme.swift */ = {isa = PBXFileReference; lastKnownFileType = sourcecode.swift; name = Theme.swift; path = Luminous/Theme.swift; sourceTree = SOURCE_ROOT; };
		FACE00000000000000000710 /* DayGrade.swift */ = {isa = PBXFileReference; lastKnownFileType = sourcecode.swift; name = DayGrade.swift; path = Luminous/DayGrade.swift; sourceTree = SOURCE_ROOT; };
		FACE00000000000000000810 /* Feedback.swift */ = {isa = PBXFileReference; lastKnownFileType = sourcecode.swift; name = Feedback.swift; path = Luminous/Feedback.swift; sourceTree = SOURCE_ROOT; };
		FACE00000000000000000910 /* Aesthetic.swift */ = {isa = PBXFileReference; lastKnownFileType = sourcecode.swift; name = Aesthetic.swift; path = Luminous/Aesthetic.swift; sourceTree = SOURCE_ROOT; };
		FACE00000000000000000A10 /* LuminousWatchApp.swift */ = {isa = PBXFileReference; lastKnownFileType = sourcecode.swift; name = LuminousWatchApp.swift; path = LuminousWatch/LuminousWatchApp.swift; sourceTree = SOURCE_ROOT; };
		FACE00000000000000000B10 /* WatchUI.swift */ = {isa = PBXFileReference; lastKnownFileType = sourcecode.swift; name = WatchUI.swift; path = LuminousWatch/WatchUI.swift; sourceTree = SOURCE_ROOT; };
		FACE00000000000000000C10 /* LearningLog.swift */ = {isa = PBXFileReference; lastKnownFileType = sourcecode.swift; name = LearningLog.swift; path = Luminous/LearningLog.swift; sourceTree = SOURCE_ROOT; };
		FACE00000000000000000D10 /* Recurrence.swift */ = {isa = PBXFileReference; lastKnownFileType = sourcecode.swift; name = Recurrence.swift; path = Luminous/Recurrence.swift; sourceTree = SOURCE_ROOT; };
		FACE00000000000000000E10 /* Mentality.swift */ = {isa = PBXFileReference; lastKnownFileType = sourcecode.swift; name = Mentality.swift; path = Luminous/Mentality.swift; sourceTree = SOURCE_ROOT; };
		FACE00000000000000000F10 /* Tags.swift */ = {isa = PBXFileReference; lastKnownFileType = sourcecode.swift; name = Tags.swift; path = Luminous/Tags.swift; sourceTree = SOURCE_ROOT; };
		FACE00000000000000001010 /* PlanKit.swift */ = {isa = PBXFileReference; lastKnownFileType = sourcecode.swift; name = PlanKit.swift; path = Luminous/PlanKit.swift; sourceTree = SOURCE_ROOT; };
/* End PBXFileReference section */

/* Begin PBXFileSystemSynchronizedRootGroup section */
		E11067422FF0B7A10039162D /* Luminous */ = {
			isa = PBXFileSystemSynchronizedRootGroup;
			path = Luminous;
			sourceTree = "<group>";
		};
/* End PBXFileSystemSynchronizedRootGroup section */

/* Begin PBXFrameworksBuildPhase section */
		E110673D2FF0B7A10039162D /* Frameworks */ = {
			isa = PBXFrameworksBuildPhase;
			buildActionMask = 2147483647;
			files = (
			);
			runOnlyForDeploymentPostprocessing = 0;
		};
		FACE00000000000000000004 /* Frameworks */ = {
			isa = PBXFrameworksBuildPhase;
			buildActionMask = 2147483647;
			files = (
			);
			runOnlyForDeploymentPostprocessing = 0;
		};
/* End PBXFrameworksBuildPhase section */

/* Begin PBXGroup section */
		E11067372FF0B7A10039162D = {
			isa = PBXGroup;
			children = (
				E11067422FF0B7A10039162D /* Luminous */,
				FACE00000000000000000009 /* Luminous Watch App */,
				E11067412FF0B7A10039162D /* Products */,
			);
			sourceTree = "<group>";
		};
		E11067412FF0B7A10039162D /* Products */ = {
			isa = PBXGroup;
			children = (
				E11067402FF0B7A10039162D /* Luminous.app */,
				FACE00000000000000000002 /* Luminous Watch App.app */,
			);
			name = Products;
			sourceTree = "<group>";
		};
		FACE00000000000000000009 /* Luminous Watch App */ = {
			isa = PBXGroup;
			children = (
				FACE00000000000000000010 /* Domain.swift */,
				FACE00000000000000000110 /* Store.swift */,
				FACE00000000000000000210 /* Scoring.swift */,
				FACE00000000000000000310 /* SeedParser.swift */,
				FACE00000000000000000410 /* SemanticTime.swift */,
				FACE00000000000000000510 /* Copy.swift */,
				FACE00000000000000000610 /* Theme.swift */,
				FACE00000000000000000710 /* DayGrade.swift */,
				FACE00000000000000000810 /* Feedback.swift */,
				FACE00000000000000000910 /* Aesthetic.swift */,
				FACE00000000000000000A10 /* LuminousWatchApp.swift */,
				FACE00000000000000000B10 /* WatchUI.swift */,
				FACE00000000000000000C10 /* LearningLog.swift */,
				FACE00000000000000000D10 /* Recurrence.swift */,
				FACE00000000000000000E10 /* Mentality.swift */,
				FACE00000000000000000F10 /* Tags.swift */,
				FACE00000000000000001010 /* PlanKit.swift */,
			);
			name = "Luminous Watch App";
			sourceTree = "<group>";
		};
/* End PBXGroup section */

/* Begin PBXNativeTarget section */
		E110673F2FF0B7A10039162D /* Luminous */ = {
			isa = PBXNativeTarget;
			buildConfigurationList = E110674B2FF0B7A10039162D /* Build configuration list for PBXNativeTarget "Luminous" */;
			buildPhases = (
				E110673C2FF0B7A10039162D /* Sources */,
				E110673D2FF0B7A10039162D /* Frameworks */,
				E110673E2FF0B7A10039162D /* Resources */,
			);
			buildRules = (
			);
			dependencies = (
			);
			fileSystemSynchronizedGroups = (
				E11067422FF0B7A10039162D /* Luminous */,
			);
			name = Luminous;
			packageProductDependencies = (
			);
			productName = Luminous;
			productReference = E11067402FF0B7A10039162D /* Luminous.app */;
			productType = "com.apple.product-type.application";
		};
		FACE00000000000000000001 /* Luminous Watch App */ = {
			isa = PBXNativeTarget;
			buildConfigurationList = FACE00000000000000000006 /* Build configuration list for PBXNativeTarget "Luminous Watch App" */;
			buildPhases = (
				FACE00000000000000000003 /* Sources */,
				FACE00000000000000000004 /* Frameworks */,
				FACE00000000000000000005 /* Resources */,
			);
			buildRules = (
			);
			dependencies = (
			);
			name = "Luminous Watch App";
			packageProductDependencies = (
			);
			productName = "Luminous Watch App";
			productReference = FACE00000000000000000002 /* Luminous Watch App.app */;
			productType = "com.apple.product-type.application";
		};
/* End PBXNativeTarget section */

/* Begin PBXProject section */
		E11067382FF0B7A10039162D /* Project object */ = {
			isa = PBXProject;
			attributes = {
				BuildIndependentTargetsInParallel = 1;
				LastSwiftUpdateCheck = 2660;
				LastUpgradeCheck = 2660;
				TargetAttributes = {
					E110673F2FF0B7A10039162D = {
						CreatedOnToolsVersion = 26.6;
					};
				};
			};
			buildConfigurationList = E110673B2FF0B7A10039162D /* Build configuration list for PBXProject "Luminous" */;
			developmentRegion = en;
			hasScannedForEncodings = 0;
			knownRegions = (
				en,
				Base,
			);
			mainGroup = E11067372FF0B7A10039162D;
			minimizedProjectReferenceProxies = 1;
			preferredProjectObjectVersion = 77;
			productRefGroup = E11067412FF0B7A10039162D /* Products */;
			projectDirPath = "";
			projectRoot = "";
			targets = (
				E110673F2FF0B7A10039162D /* Luminous */,
				FACE00000000000000000001 /* Luminous Watch App */,
			);
		};
/* End PBXProject section */

/* Begin PBXResourcesBuildPhase section */
		E110673E2FF0B7A10039162D /* Resources */ = {
			isa = PBXResourcesBuildPhase;
			buildActionMask = 2147483647;
			files = (
			);
			runOnlyForDeploymentPostprocessing = 0;
		};
		FACE00000000000000000005 /* Resources */ = {
			isa = PBXResourcesBuildPhase;
			buildActionMask = 2147483647;
			files = (
			);
			runOnlyForDeploymentPostprocessing = 0;
		};
/* End PBXResourcesBuildPhase section */

/* Begin PBXSourcesBuildPhase section */
		E110673C2FF0B7A10039162D /* Sources */ = {
			isa = PBXSourcesBuildPhase;
			buildActionMask = 2147483647;
			files = (
			);
			runOnlyForDeploymentPostprocessing = 0;
		};
		FACE00000000000000000003 /* Sources */ = {
			isa = PBXSourcesBuildPhase;
			buildActionMask = 2147483647;
			files = (
				FACE00000000000000000020 /* Domain.swift in Sources */,
				FACE00000000000000000120 /* Store.swift in Sources */,
				FACE00000000000000000220 /* Scoring.swift in Sources */,
				FACE00000000000000000320 /* SeedParser.swift in Sources */,
				FACE00000000000000000420 /* SemanticTime.swift in Sources */,
				FACE00000000000000000520 /* Copy.swift in Sources */,
				FACE00000000000000000620 /* Theme.swift in Sources */,
				FACE00000000000000000720 /* DayGrade.swift in Sources */,
				FACE00000000000000000820 /* Feedback.swift in Sources */,
				FACE00000000000000000920 /* Aesthetic.swift in Sources */,
				FACE00000000000000000A20 /* LuminousWatchApp.swift in Sources */,
				FACE00000000000000000B20 /* WatchUI.swift in Sources */,
				FACE00000000000000000C20 /* LearningLog.swift in Sources */,
				FACE00000000000000000D20 /* Recurrence.swift in Sources */,
				FACE00000000000000000E20 /* Mentality.swift in Sources */,
				FACE00000000000000000F20 /* Tags.swift in Sources */,
				FACE00000000000000001020 /* PlanKit.swift in Sources */,
			);
			runOnlyForDeploymentPostprocessing = 0;
		};
/* End PBXSourcesBuildPhase section */

/* Begin XCBuildConfiguration section */
		E11067492FF0B7A10039162D /* Debug */ = {
			isa = XCBuildConfiguration;
			buildSettings = {
				ALWAYS_SEARCH_USER_PATHS = NO;
				ASSETCATALOG_COMPILER_GENERATE_SWIFT_ASSET_SYMBOL_EXTENSIONS = YES;
				CLANG_ANALYZER_NONNULL = YES;
				CLANG_ANALYZER_NUMBER_OBJECT_CONVERSION = YES_AGGRESSIVE;
				CLANG_CXX_LANGUAGE_STANDARD = "gnu++20";
				CLANG_ENABLE_MODULES = YES;
				CLANG_ENABLE_OBJC_ARC = YES;
				CLANG_ENABLE_OBJC_WEAK = YES;
				CLANG_WARN_BLOCK_CAPTURE_AUTORELEASING = YES;
				CLANG_WARN_BOOL_CONVERSION = YES;
				CLANG_WARN_COMMA = YES;
				CLANG_WARN_CONSTANT_CONVERSION = YES;
				CLANG_WARN_DEPRECATED_OBJC_IMPLEMENTATIONS = YES;
				CLANG_WARN_DIRECT_OBJC_ISA_USAGE = YES_ERROR;
				CLANG_WARN_DOCUMENTATION_COMMENTS = YES;
				CLANG_WARN_EMPTY_BODY = YES;
				CLANG_WARN_ENUM_CONVERSION = YES;
				CLANG_WARN_INFINITE_RECURSION = YES;
				CLANG_WARN_INT_CONVERSION = YES;
				CLANG_WARN_NON_LITERAL_NULL_CONVERSION = YES;
				CLANG_WARN_OBJC_IMPLICIT_RETAIN_SELF = YES;
				CLANG_WARN_OBJC_LITERAL_CONVERSION = YES;
				CLANG_WARN_OBJC_ROOT_CLASS = YES_ERROR;
				CLANG_WARN_QUOTED_INCLUDE_IN_FRAMEWORK_HEADER = YES;
				CLANG_WARN_RANGE_LOOP_ANALYSIS = YES;
				CLANG_WARN_STRICT_PROTOTYPES = YES;
				CLANG_WARN_SUSPICIOUS_MOVE = YES;
				CLANG_WARN_UNGUARDED_AVAILABILITY = YES_AGGRESSIVE;
				CLANG_WARN_UNREACHABLE_CODE = YES;
				CLANG_WARN__DUPLICATE_METHOD_MATCH = YES;
				COPY_PHASE_STRIP = NO;
				DEBUG_INFORMATION_FORMAT = dwarf;
				ENABLE_STRICT_OBJC_MSGSEND = YES;
				ENABLE_TESTABILITY = YES;
				ENABLE_USER_SCRIPT_SANDBOXING = YES;
				GCC_C_LANGUAGE_STANDARD = gnu17;
				GCC_DYNAMIC_NO_PIC = NO;
				GCC_NO_COMMON_BLOCKS = YES;
				GCC_OPTIMIZATION_LEVEL = 0;
				GCC_PREPROCESSOR_DEFINITIONS = (
					"DEBUG=1",
					"$(inherited)",
				);
				GCC_WARN_64_TO_32_BIT_CONVERSION = YES;
				GCC_WARN_ABOUT_RETURN_TYPE = YES_ERROR;
				GCC_WARN_UNDECLARED_SELECTOR = YES;
				GCC_WARN_UNINITIALIZED_AUTOS = YES_AGGRESSIVE;
				GCC_WARN_UNUSED_FUNCTION = YES;
				GCC_WARN_UNUSED_VARIABLE = YES;
				LOCALIZATION_PREFERS_STRING_CATALOGS = YES;
				MTL_ENABLE_DEBUG_INFO = INCLUDE_SOURCE;
				MTL_FAST_MATH = YES;
				ONLY_ACTIVE_ARCH = YES;
				SWIFT_ACTIVE_COMPILATION_CONDITIONS = "DEBUG $(inherited)";
				SWIFT_OPTIMIZATION_LEVEL = "-Onone";
			};
			name = Debug;
		};
		E110674A2FF0B7A10039162D /* Release */ = {
			isa = XCBuildConfiguration;
			buildSettings = {
				ALWAYS_SEARCH_USER_PATHS = NO;
				ASSETCATALOG_COMPILER_GENERATE_SWIFT_ASSET_SYMBOL_EXTENSIONS = YES;
				CLANG_ANALYZER_NONNULL = YES;
				CLANG_ANALYZER_NUMBER_OBJECT_CONVERSION = YES_AGGRESSIVE;
				CLANG_CXX_LANGUAGE_STANDARD = "gnu++20";
				CLANG_ENABLE_MODULES = YES;
				CLANG_ENABLE_OBJC_ARC = YES;
				CLANG_ENABLE_OBJC_WEAK = YES;
				CLANG_WARN_BLOCK_CAPTURE_AUTORELEASING = YES;
				CLANG_WARN_BOOL_CONVERSION = YES;
				CLANG_WARN_COMMA = YES;
				CLANG_WARN_CONSTANT_CONVERSION = YES;
				CLANG_WARN_DEPRECATED_OBJC_IMPLEMENTATIONS = YES;
				CLANG_WARN_DIRECT_OBJC_ISA_USAGE = YES_ERROR;
				CLANG_WARN_DOCUMENTATION_COMMENTS = YES;
				CLANG_WARN_EMPTY_BODY = YES;
				CLANG_WARN_ENUM_CONVERSION = YES;
				CLANG_WARN_INFINITE_RECURSION = YES;
				CLANG_WARN_INT_CONVERSION = YES;
				CLANG_WARN_NON_LITERAL_NULL_CONVERSION = YES;
				CLANG_WARN_OBJC_IMPLICIT_RETAIN_SELF = YES;
				CLANG_WARN_OBJC_LITERAL_CONVERSION = YES;
				CLANG_WARN_OBJC_ROOT_CLASS = YES_ERROR;
				CLANG_WARN_QUOTED_INCLUDE_IN_FRAMEWORK_HEADER = YES;
				CLANG_WARN_RANGE_LOOP_ANALYSIS = YES;
				CLANG_WARN_STRICT_PROTOTYPES = YES;
				CLANG_WARN_SUSPICIOUS_MOVE = YES;
				CLANG_WARN_UNGUARDED_AVAILABILITY = YES_AGGRESSIVE;
				CLANG_WARN_UNREACHABLE_CODE = YES;
				CLANG_WARN__DUPLICATE_METHOD_MATCH = YES;
				COPY_PHASE_STRIP = NO;
				DEBUG_INFORMATION_FORMAT = "dwarf-with-dsym";
				ENABLE_NS_ASSERTIONS = NO;
				ENABLE_STRICT_OBJC_MSGSEND = YES;
				ENABLE_USER_SCRIPT_SANDBOXING = YES;
				GCC_C_LANGUAGE_STANDARD = gnu17;
				GCC_NO_COMMON_BLOCKS = YES;
				GCC_WARN_64_TO_32_BIT_CONVERSION = YES;
				GCC_WARN_ABOUT_RETURN_TYPE = YES_ERROR;
				GCC_WARN_UNDECLARED_SELECTOR = YES;
				GCC_WARN_UNINITIALIZED_AUTOS = YES_AGGRESSIVE;
				GCC_WARN_UNUSED_FUNCTION = YES;
				GCC_WARN_UNUSED_VARIABLE = YES;
				LOCALIZATION_PREFERS_STRING_CATALOGS = YES;
				MTL_ENABLE_DEBUG_INFO = NO;
				MTL_FAST_MATH = YES;
				SWIFT_COMPILATION_MODE = wholemodule;
			};
			name = Release;
		};
		E110674C2FF0B7A10039162D /* Debug */ = {
			isa = XCBuildConfiguration;
			buildSettings = {
				ASSETCATALOG_COMPILER_APPICON_NAME = AppIcon;
				ASSETCATALOG_COMPILER_GLOBAL_ACCENT_COLOR_NAME = AccentColor;
				CODE_SIGN_STYLE = Automatic;
				CURRENT_PROJECT_VERSION = 1;
				ENABLE_APP_SANDBOX = YES;
				ENABLE_PREVIEWS = YES;
				ENABLE_USER_SELECTED_FILES = readonly;
				GENERATE_INFOPLIST_FILE = YES;
				INFOPLIST_KEY_UIBackgroundModes = "remote-notification";
				"INFOPLIST_KEY_NSCameraUsageDescription[sdk=iphoneos*]" = "拍下有文字的照片，在本机读出来并翻译；只在本机，不上传图片。";
				"INFOPLIST_KEY_NSCameraUsageDescription[sdk=iphonesimulator*]" = "拍下有文字的照片，在本机读出来并翻译；只在本机，不上传图片。";
				"INFOPLIST_KEY_NSLocationWhenInUseUsageDescription[sdk=iphoneos*]" = "感受此刻的天气，帮我挑现在合适的事；只在本机，不记录位置。";
				"INFOPLIST_KEY_NSLocationWhenInUseUsageDescription[sdk=iphonesimulator*]" = "感受此刻的天气，帮我挑现在合适的事；只在本机，不记录位置。";
				"INFOPLIST_KEY_NSMotionUsageDescription[sdk=iphoneos*]" = "感受你在走、在路上还是坐着，帮我挑现在合适的事；只在本机。";
				"INFOPLIST_KEY_NSMotionUsageDescription[sdk=iphonesimulator*]" = "感受你在走、在路上还是坐着，帮我挑现在合适的事；只在本机。";
				"INFOPLIST_KEY_UIApplicationSceneManifest_Generation[sdk=iphoneos*]" = YES;
				"INFOPLIST_KEY_UIApplicationSceneManifest_Generation[sdk=iphonesimulator*]" = YES;
				"INFOPLIST_KEY_UIApplicationSupportsIndirectInputEvents[sdk=iphoneos*]" = YES;
				"INFOPLIST_KEY_UIApplicationSupportsIndirectInputEvents[sdk=iphonesimulator*]" = YES;
				"INFOPLIST_KEY_UILaunchScreen_Generation[sdk=iphoneos*]" = YES;
				"INFOPLIST_KEY_UILaunchScreen_Generation[sdk=iphonesimulator*]" = YES;
				"INFOPLIST_KEY_UIStatusBarStyle[sdk=iphoneos*]" = UIStatusBarStyleDefault;
				"INFOPLIST_KEY_UIStatusBarStyle[sdk=iphonesimulator*]" = UIStatusBarStyleDefault;
				INFOPLIST_KEY_UISupportedInterfaceOrientations_iPad = "UIInterfaceOrientationPortrait UIInterfaceOrientationPortraitUpsideDown UIInterfaceOrientationLandscapeLeft UIInterfaceOrientationLandscapeRight";
				INFOPLIST_KEY_UISupportedInterfaceOrientations_iPhone = "UIInterfaceOrientationPortrait UIInterfaceOrientationLandscapeLeft UIInterfaceOrientationLandscapeRight";
				IPHONEOS_DEPLOYMENT_TARGET = 18.0;
				LD_RUNPATH_SEARCH_PATHS = "@executable_path/Frameworks";
				"LD_RUNPATH_SEARCH_PATHS[sdk=macosx*]" = "@executable_path/../Frameworks";
				MACOSX_DEPLOYMENT_TARGET = 26.5;
				MARKETING_VERSION = 1.0;
				PRODUCT_BUNDLE_IDENTIFIER = rainymushroom.Luminous;
				PRODUCT_NAME = "$(TARGET_NAME)";
				REGISTER_APP_GROUPS = YES;
				SDKROOT = auto;
				STRING_CATALOG_GENERATE_SYMBOLS = YES;
				SUPPORTED_PLATFORMS = "iphoneos iphonesimulator macosx xros xrsimulator";
				SWIFT_APPROACHABLE_CONCURRENCY = YES;
				SWIFT_DEFAULT_ACTOR_ISOLATION = MainActor;
				SWIFT_EMIT_LOC_STRINGS = YES;
				SWIFT_UPCOMING_FEATURE_MEMBER_IMPORT_VISIBILITY = YES;
				SWIFT_VERSION = 5.0;
				TARGETED_DEVICE_FAMILY = "1,2,7";
				XROS_DEPLOYMENT_TARGET = 26.5;
			};
			name = Debug;
		};
		E110674D2FF0B7A10039162D /* Release */ = {
			isa = XCBuildConfiguration;
			buildSettings = {
				ASSETCATALOG_COMPILER_APPICON_NAME = AppIcon;
				ASSETCATALOG_COMPILER_GLOBAL_ACCENT_COLOR_NAME = AccentColor;
				CODE_SIGN_STYLE = Automatic;
				CURRENT_PROJECT_VERSION = 1;
				ENABLE_APP_SANDBOX = YES;
				ENABLE_PREVIEWS = YES;
				ENABLE_USER_SELECTED_FILES = readonly;
				GENERATE_INFOPLIST_FILE = YES;
				INFOPLIST_KEY_UIBackgroundModes = "remote-notification";
				"INFOPLIST_KEY_NSCameraUsageDescription[sdk=iphoneos*]" = "拍下有文字的照片，在本机读出来并翻译；只在本机，不上传图片。";
				"INFOPLIST_KEY_NSCameraUsageDescription[sdk=iphonesimulator*]" = "拍下有文字的照片，在本机读出来并翻译；只在本机，不上传图片。";
				"INFOPLIST_KEY_NSLocationWhenInUseUsageDescription[sdk=iphoneos*]" = "感受此刻的天气，帮我挑现在合适的事；只在本机，不记录位置。";
				"INFOPLIST_KEY_NSLocationWhenInUseUsageDescription[sdk=iphonesimulator*]" = "感受此刻的天气，帮我挑现在合适的事；只在本机，不记录位置。";
				"INFOPLIST_KEY_NSMotionUsageDescription[sdk=iphoneos*]" = "感受你在走、在路上还是坐着，帮我挑现在合适的事；只在本机。";
				"INFOPLIST_KEY_NSMotionUsageDescription[sdk=iphonesimulator*]" = "感受你在走、在路上还是坐着，帮我挑现在合适的事；只在本机。";
				"INFOPLIST_KEY_UIApplicationSceneManifest_Generation[sdk=iphoneos*]" = YES;
				"INFOPLIST_KEY_UIApplicationSceneManifest_Generation[sdk=iphonesimulator*]" = YES;
				"INFOPLIST_KEY_UIApplicationSupportsIndirectInputEvents[sdk=iphoneos*]" = YES;
				"INFOPLIST_KEY_UIApplicationSupportsIndirectInputEvents[sdk=iphonesimulator*]" = YES;
				"INFOPLIST_KEY_UILaunchScreen_Generation[sdk=iphoneos*]" = YES;
				"INFOPLIST_KEY_UILaunchScreen_Generation[sdk=iphonesimulator*]" = YES;
				"INFOPLIST_KEY_UIStatusBarStyle[sdk=iphoneos*]" = UIStatusBarStyleDefault;
				"INFOPLIST_KEY_UIStatusBarStyle[sdk=iphonesimulator*]" = UIStatusBarStyleDefault;
				INFOPLIST_KEY_UISupportedInterfaceOrientations_iPad = "UIInterfaceOrientationPortrait UIInterfaceOrientationPortraitUpsideDown UIInterfaceOrientationLandscapeLeft UIInterfaceOrientationLandscapeRight";
				INFOPLIST_KEY_UISupportedInterfaceOrientations_iPhone = "UIInterfaceOrientationPortrait UIInterfaceOrientationLandscapeLeft UIInterfaceOrientationLandscapeRight";
				IPHONEOS_DEPLOYMENT_TARGET = 18.0;
				LD_RUNPATH_SEARCH_PATHS = "@executable_path/Frameworks";
				"LD_RUNPATH_SEARCH_PATHS[sdk=macosx*]" = "@executable_path/../Frameworks";
				MACOSX_DEPLOYMENT_TARGET = 26.5;
				MARKETING_VERSION = 1.0;
				PRODUCT_BUNDLE_IDENTIFIER = rainymushroom.Luminous;
				PRODUCT_NAME = "$(TARGET_NAME)";
				REGISTER_APP_GROUPS = YES;
				SDKROOT = auto;
				STRING_CATALOG_GENERATE_SYMBOLS = YES;
				SUPPORTED_PLATFORMS = "iphoneos iphonesimulator macosx xros xrsimulator";
				SWIFT_APPROACHABLE_CONCURRENCY = YES;
				SWIFT_DEFAULT_ACTOR_ISOLATION = MainActor;
				SWIFT_EMIT_LOC_STRINGS = YES;
				SWIFT_UPCOMING_FEATURE_MEMBER_IMPORT_VISIBILITY = YES;
				SWIFT_VERSION = 5.0;
				TARGETED_DEVICE_FAMILY = "1,2,7";
				XROS_DEPLOYMENT_TARGET = 26.5;
			};
			name = Release;
		};
		FACE00000000000000000007 /* Debug */ = {
			isa = XCBuildConfiguration;
			buildSettings = {
				ALWAYS_EMBED_SWIFT_STANDARD_LIBRARIES = YES;
				CODE_SIGN_STYLE = Automatic;
				CURRENT_PROJECT_VERSION = 1;
				ENABLE_PREVIEWS = YES;
				GENERATE_INFOPLIST_FILE = YES;
				INFOPLIST_KEY_CFBundleDisplayName = Luminous;
				INFOPLIST_KEY_UIBackgroundModes = "remote-notification";
				"INFOPLIST_KEY_NSCameraUsageDescription[sdk=iphoneos*]" = "拍下有文字的照片，在本机读出来并翻译；只在本机，不上传图片。";
				"INFOPLIST_KEY_NSCameraUsageDescription[sdk=iphonesimulator*]" = "拍下有文字的照片，在本机读出来并翻译；只在本机，不上传图片。";
				"INFOPLIST_KEY_NSLocationWhenInUseUsageDescription[sdk=iphoneos*]" = "感受此刻的天气，帮我挑现在合适的事；只在本机，不记录位置。";
				"INFOPLIST_KEY_NSLocationWhenInUseUsageDescription[sdk=iphonesimulator*]" = "感受此刻的天气，帮我挑现在合适的事；只在本机，不记录位置。";
				"INFOPLIST_KEY_NSMotionUsageDescription[sdk=iphoneos*]" = "感受你在走、在路上还是坐着，帮我挑现在合适的事；只在本机。";
				"INFOPLIST_KEY_NSMotionUsageDescription[sdk=iphonesimulator*]" = "感受你在走、在路上还是坐着，帮我挑现在合适的事；只在本机。";
				INFOPLIST_KEY_WKApplication = YES;
				INFOPLIST_KEY_WKCompanionAppBundleIdentifier = rainymushroom.Luminous;
				LD_RUNPATH_SEARCH_PATHS = (
					"$(inherited)",
					"@executable_path/Frameworks",
				);
				MARKETING_VERSION = 1.0;
				PRODUCT_BUNDLE_IDENTIFIER = rainymushroom.Luminous.watchkitapp;
				PRODUCT_NAME = "$(TARGET_NAME)";
				SDKROOT = watchos;
				SKIP_INSTALL = YES;
				SUPPORTED_PLATFORMS = "watchos watchsimulator";
				SWIFT_APPROACHABLE_CONCURRENCY = YES;
				SWIFT_DEFAULT_ACTOR_ISOLATION = MainActor;
				SWIFT_EMIT_LOC_STRINGS = YES;
				SWIFT_VERSION = 5.0;
				TARGETED_DEVICE_FAMILY = 4;
				WATCHOS_DEPLOYMENT_TARGET = 26.5;
			};
			name = Debug;
		};
		FACE00000000000000000008 /* Release */ = {
			isa = XCBuildConfiguration;
			buildSettings = {
				ALWAYS_EMBED_SWIFT_STANDARD_LIBRARIES = YES;
				CODE_SIGN_STYLE = Automatic;
				CURRENT_PROJECT_VERSION = 1;
				ENABLE_PREVIEWS = YES;
				GENERATE_INFOPLIST_FILE = YES;
				INFOPLIST_KEY_CFBundleDisplayName = Luminous;
				INFOPLIST_KEY_UIBackgroundModes = "remote-notification";
				"INFOPLIST_KEY_NSCameraUsageDescription[sdk=iphoneos*]" = "拍下有文字的照片，在本机读出来并翻译；只在本机，不上传图片。";
				"INFOPLIST_KEY_NSCameraUsageDescription[sdk=iphonesimulator*]" = "拍下有文字的照片，在本机读出来并翻译；只在本机，不上传图片。";
				"INFOPLIST_KEY_NSLocationWhenInUseUsageDescription[sdk=iphoneos*]" = "感受此刻的天气，帮我挑现在合适的事；只在本机，不记录位置。";
				"INFOPLIST_KEY_NSLocationWhenInUseUsageDescription[sdk=iphonesimulator*]" = "感受此刻的天气，帮我挑现在合适的事；只在本机，不记录位置。";
				"INFOPLIST_KEY_NSMotionUsageDescription[sdk=iphoneos*]" = "感受你在走、在路上还是坐着，帮我挑现在合适的事；只在本机。";
				"INFOPLIST_KEY_NSMotionUsageDescription[sdk=iphonesimulator*]" = "感受你在走、在路上还是坐着，帮我挑现在合适的事；只在本机。";
				INFOPLIST_KEY_WKApplication = YES;
				INFOPLIST_KEY_WKCompanionAppBundleIdentifier = rainymushroom.Luminous;
				LD_RUNPATH_SEARCH_PATHS = (
					"$(inherited)",
					"@executable_path/Frameworks",
				);
				MARKETING_VERSION = 1.0;
				PRODUCT_BUNDLE_IDENTIFIER = rainymushroom.Luminous.watchkitapp;
				PRODUCT_NAME = "$(TARGET_NAME)";
				SDKROOT = watchos;
				SKIP_INSTALL = YES;
				SUPPORTED_PLATFORMS = "watchos watchsimulator";
				SWIFT_APPROACHABLE_CONCURRENCY = YES;
				SWIFT_DEFAULT_ACTOR_ISOLATION = MainActor;
				SWIFT_EMIT_LOC_STRINGS = YES;
				SWIFT_VERSION = 5.0;
				TARGETED_DEVICE_FAMILY = 4;
				WATCHOS_DEPLOYMENT_TARGET = 26.5;
			};
			name = Release;
		};
/* End XCBuildConfiguration section */

/* Begin XCConfigurationList section */
		E110673B2FF0B7A10039162D /* Build configuration list for PBXProject "Luminous" */ = {
			isa = XCConfigurationList;
			buildConfigurations = (
				E11067492FF0B7A10039162D /* Debug */,
				E110674A2FF0B7A10039162D /* Release */,
			);
			defaultConfigurationIsVisible = 0;
			defaultConfigurationName = Release;
		};
		E110674B2FF0B7A10039162D /* Build configuration list for PBXNativeTarget "Luminous" */ = {
			isa = XCConfigurationList;
			buildConfigurations = (
				E110674C2FF0B7A10039162D /* Debug */,
				E110674D2FF0B7A10039162D /* Release */,
			);
			defaultConfigurationIsVisible = 0;
			defaultConfigurationName = Release;
		};
		FACE00000000000000000006 /* Build configuration list for PBXNativeTarget "Luminous Watch App" */ = {
			isa = XCConfigurationList;
			buildConfigurations = (
				FACE00000000000000000007 /* Debug */,
				FACE00000000000000000008 /* Release */,
			);
			defaultConfigurationIsVisible = 0;
			defaultConfigurationName = Release;
		};
/* End XCConfigurationList section */
	};
	rootObject = E11067382FF0B7A10039162D /* Project object */;
}
